
Microsoft Visual Studio Solution File, Format Version 12.00
# Visual Studio Version 17
VisualStudioVersion = 17.11.35222.181
MinimumVisualStudioVersion = 10.0.40219.1
Project("{2150E333-8FDC-42A3-9474-1A3956D46DE8}") = "Task0", "Task0", "{14C1875F-E537-4B52-8E15-BBCD4E2265F5}"
EndProject
Project("{9A19103F-16F7-4668-BE54-9A1E7A4F7556}") = "Tyuiu.YakovlevVAa.Sprint6.Task0.V2.Lib", "Tyuiu.YakovlevVAa.Sprint6.Task0.V2.Lib\Tyuiu.YakovlevVAa.Sprint6.Task0.V2.Lib.csproj", "{0315EC8F-F298-403B-AA72-6E9F22989BE4}"
EndProject
Project("{9A19103F-16F7-4668-BE54-9A1E7A4F7556}") = "Tyuiu.YakovlevVAa.Sprint6.Task0.V2.Test", "Tyuiu.YakovlevVAa.Sprint6.Task0.V2.Test\Tyuiu.YakovlevVAa.Sprint6.Task0.V2.Test.csproj", "{8151C2C8-D826-4925-ABC3-3D73CC0B2602}"
EndProject
Project("{9A19103F-16F7-4668-BE54-9A1E7A4F7556}") = "Tyuiu.YakovlevVAa.Sprint6.Task0.V2", "Tyuiu.YakovlevVAa.Sprint6.Task0.V2\Tyuiu.YakovlevVAa.Sprint6.Task0.V2.csproj", "{1D311986-458A-475C-A576-216F7066B011}"
EndProject
Project("{2150E333-8FDC-42A3-9474-1A3956D46DE8}") = "Task1", "Task1", "{1646F80A-CE91-4EF0-9086-0706B68B3B5B}"
EndProject
Project("{9A19103F-16F7-4668-BE54-9A1E7A4F7556}") = "Tyuiu.YakovlevVAa.Sprint6.Task1.V2.Test", "Tyuiu.YakovlevVAa.Sprint6.Task1.V2.Test\Tyuiu.YakovlevVAa.Sprint6.Task1.V2.Test.csproj", "{76A9C8CE-60A5-4565-8231-4D90A912C3C0}"
EndProject
Project("{9A19103F-16F7-4668-BE54-9A1E7A4F7556}") = "Tyuiu.YakovlevVAa.Sprint6.Task1.V2.Lib", "Tyuiu.YakovlevVAa.Sprint6.Task1.V2.Lib\Tyuiu.YakovlevVAa.Sprint6.Task1.V2.Lib.csproj", "{36345539-ECC9-4F01-AAA3-B77C8DE191D2}"
EndProject
Project("{9A19103F-16F7-4668-BE54-9A1E7A4F7556}") = "Tyuiu.YakovlevVAa.Sprint6.Task1.V2", "Tyuiu.YakovlevVAa.Sprint6.Task1.V2\Tyuiu.YakovlevVAa.Sprint6.Task1.V2.csproj", "{4E4462DF-4D73-4F38-9C07-92F23E28C476}"
EndProject
Project("{2150E333-8FDC-42A3-9474-1A3956D46DE8}") = "Task2", "Task2", "{A74AED85-A72C-4816-B271-5A35147334BB}"
EndProject
Project("{9A19103F-16F7-4668-BE54-9A1E7A4F7556}") = "Tyuiu.YakovlevVAa.Sprint6.Task2.V9.Lib", "Tyuiu.YakovlevVAa.Sprint6.Task2.V9.Lib\Tyuiu.YakovlevVAa.Sprint6.Task2.V9.Lib.csproj", "{99897728-A178-4587-AD8F-E5D787EA0125}"
EndProject
Project("{9A19103F-16F7-4668-BE54-9A1E7A4F7556}") = "Tyuiu.YakovlevVAa.Sprint6.Task2.V9.Test", "Tyuiu.YakovlevVAa.Sprint6.Task2.V9.Test\Tyuiu.YakovlevVAa.Sprint6.Task2.V9.Test.csproj", "{1493F14B-CCEA-4982-9B79-68B5C03B9C69}"
EndProject
Project("{9A19103F-16F7-4668-BE54-9A1E7A4F7556}") = "Tyuiu.YakovlevVAa.Sprint6.Task2.V9", "Tyuiu.YakovlevVAa.Sprint6.Task2.V9\Tyuiu.YakovlevVAa.Sprint6.Task2.V9.csproj", "{7DC254DF-B142-4704-8A50-1B843F6F492D}"
EndProject
Project("{2150E333-8FDC-42A3-9474-1A3956D46DE8}") = "Task3", "Task3", "{F5B2F38C-3E75-4677-AC88-73490C7D94F5}"
EndProject
Project("{FAE04EC0-301F-11D3-BF4B-00C04F79EFBC}") = "Tyuiu.YakovlevVAa.Sprint6.Task3.V20.Lib", "Tyuiu.YakovlevVAa.Sprint6.Task3.V20.Lib\Tyuiu.YakovlevVAa.Sprint6.Task3.V20.Lib.csproj", "{DB415503-6ADC-4F5D-9DA6-F3FF5E46E0D0}"
EndProject
Project("{FAE04EC0-301F-11D3-BF4B-00C04F79EFBC}") = "Tyuiu.YakovlevVAa.Sprint6.Task3.V20.Test", "Tyuiu.YakovlevVAa.Sprint6.Task3.V20.Test\Tyuiu.YakovlevVAa.Sprint6.Task3.V20.Test.csproj", "{478A741E-AC96-4F2B-BFC2-80EF5FB12953}"
EndProject
Project("{FAE04EC0-301F-11D3-BF4B-00C04F79EFBC}") = "Tyuiu.YakovlevVAa.Sprint6.Task3.V20", "Tyuiu.YakovlevVAa.Sprint6.Task3.V20\Tyuiu.YakovlevVAa.Sprint6.Task3.V20.csproj", "{AD4FD1FA-B307-4379-8F75-F7D56B07706F}"
EndProject
Global
	GlobalSection(SolutionConfigurationPlatforms) = preSolution
		Debug|Any CPU = Debug|Any CPU
		Release|Any CPU = Release|Any CPU
	EndGlobalSection
	GlobalSection(ProjectConfigurationPlatforms) = postSolution
		{0315EC8F-F298-403B-AA72-6E9F22989BE4}.Debug|Any CPU.ActiveCfg = Debug|Any CPU
		{0315EC8F-F298-403B-AA72-6E9F22989BE4}.Debug|Any CPU.Build.0 = Debug|Any CPU
		{0315EC8F-F298-403B-AA72-6E9F22989BE4}.Release|Any CPU.ActiveCfg = Release|Any CPU
		{0315EC8F-F298-403B-AA72-6E9F22989BE4}.Release|Any CPU.Build.0 = Release|Any CPU
		{8151C2C8-D826-4925-ABC3-3D73CC0B2602}.Debug|Any CPU.ActiveCfg = Debug|Any CPU
		{8151C2C8-D826-4925-ABC3-3D73CC0B2602}.Debug|Any CPU.Build.0 = Debug|Any CPU
		{8151C2C8-D826-4925-ABC3-3D73CC0B2602}.Release|Any CPU.ActiveCfg = Release|Any CPU
		{8151C2C8-D826-4925-ABC3-3D73CC0B2602}.Release|Any CPU.Build.0 = Release|Any CPU
		{1D311986-458A-475C-A576-216F7066B011}.Debug|Any CPU.ActiveCfg = Debug|Any CPU
		{1D311986-458A-475C-A576-216F7066B011}.Debug|Any CPU.Build.0 = Debug|Any CPU
		{1D311986-458A-475C-A576-216F7066B011}.Release|Any CPU.ActiveCfg = Release|Any CPU
		{1D311986-458A-475C-A576-216F7066B011}.Release|Any CPU.Build.0 = Release|Any CPU
		{76A9C8CE-60A5-4565-8231-4D90A912C3C0}.Debug|Any CPU.ActiveCfg = Debug|Any CPU
		{76A9C8CE-60A5-4565-8231-4D90A912C3C0}.Debug|Any CPU.Build.0 = Debug|Any CPU
		{76A9C8CE-60A5-4565-8231-4D90A912C3C0}.Release|Any CPU.ActiveCfg = Release|Any CPU
		{76A9C8CE-60A5-4565-8231-4D90A912C3C0}.Release|Any CPU.Build.0 = Release|Any CPU
		{36345539-ECC9-4F01-AAA3-B77C8DE191D2}.Debug|Any CPU.ActiveCfg = Debug|Any CPU
		{36345539-ECC9-4F01-AAA3-B77C8DE191D2}.Debug|Any CPU.Build.0 = Debug|Any CPU
		{36345539-ECC9-4F01-AAA3-B77C8DE191D2}.Release|Any CPU.ActiveCfg = Release|Any CPU
		{36345539-ECC9-4F01-AAA3-B77C8DE191D2}.Release|Any CPU.Build.0 = Release|Any CPU
		{4E4462DF-4D73-4F38-9C07-92F23E28C476}.Debug|Any CPU.ActiveCfg = Debug|Any CPU
		{4E4462DF-4D73-4F38-9C07-92F23E28C476}.Debug|Any CPU.Build.0 = Debug|Any CPU
		{4E4462DF-4D73-4F38-9C07-92F23E28C476}.Release|Any CPU.ActiveCfg = Release|Any CPU
		{4E4462DF-4D73-4F38-9C07-92F23E28C476}.Release|Any CPU.Build.0 = Release|Any CPU
		{99897728-A178-4587-AD8F-E5D787EA0125}.Debug|Any CPU.ActiveCfg = Debug|Any CPU
		{99897728-A178-4587-AD8F-E5D787EA0125}.Debug|Any CPU.Build.0 = Debug|Any CPU
		{99897728-A178-4587-AD8F-E5D787EA0125}.Release|Any CPU.ActiveCfg = Release|Any CPU
		{99897728-A178-4587-AD8F-E5D787EA0125}.Release|Any CPU.Build.0 = Release|Any CPU
		{1493F14B-CCEA-4982-9B79-68B5C03B9C69}.Debug|Any CPU.ActiveCfg = Debug|Any CPU
		{1493F14B-CCEA-4982-9B79-68B5C03B9C69}.Debug|Any CPU.Build.0 = Debug|Any CPU
		{1493F14B-CCEA-4982-9B79-68B5C03B9C69}.Release|Any CPU.ActiveCfg = Release|Any CPU
		{1493F14B-CCEA-4982-9B79-68B5C03B9C69}.Release|Any CPU.Build.0 = Release|Any CPU
		{7DC254DF-B142-4704-8A50-1B843F6F492D}.Debug|Any CPU.ActiveCfg = Debug|Any CPU
		{7DC254DF-B142-4704-8A50-1B843F6F492D}.Debug|Any CPU.Build.0 = Debug|Any CPU
		{7DC254DF-B142-4704-8A50-1B843F6F492D}.Release|Any CPU.ActiveCfg = Release|Any CPU
		{7DC254DF-B142-4704-8A50-1B843F6F492D}.Release|Any CPU.Build.0 = Release|Any CPU
		{DB415503-6ADC-4F5D-9DA6-F3FF5E46E0D0}.Debug|Any CPU.ActiveCfg = Debug|Any CPU
		{DB415503-6ADC-4F5D-9DA6-F3FF5E46E0D0}.Debug|Any CPU.Build.0 = Debug|Any CPU
		{DB415503-6ADC-4F5D-9DA6-F3FF5E46E0D0}.Release|Any CPU.ActiveCfg = Release|Any CPU
		{DB415503-6ADC-4F5D-9DA6-F3FF5E46E0D0}.Release|Any CPU.Build.0 = Release|Any CPU
		{478A741E-AC96-4F2B-BFC2-80EF5FB12953}.Debug|Any CPU.ActiveCfg = Debug|Any CPU
		{478A741E-AC96-4F2B-BFC2-80EF5FB12953}.Debug|Any CPU.Build.0 = Debug|Any CPU
		{478A741E-AC96-4F2B-BFC2-80EF5FB12953}.Release|Any CPU.ActiveCfg = Release|Any CPU
		{478A741E-AC96-4F2B-BFC2-80EF5FB12953}.Release|Any CPU.Build.0 = Release|Any CPU
		{AD4FD1FA-B307-4379-8F75-F7D56B07706F}.Debug|Any CPU.ActiveCfg = Debug|Any CPU
		{AD4FD1FA-B307-4379-8F75-F7D56B07706F}.Debug|Any CPU.Build.0 = Debug|Any CPU
		{AD4FD1FA-B307-4379-8F75-F7D56B07706F}.Release|Any CPU.ActiveCfg = Release|Any CPU
		{AD4FD1FA-B307-4379-8F75-F7D56B07706F}.Release|Any CPU.Build.0 = Release|Any CPU
	EndGlobalSection
	GlobalSection(SolutionProperties) = preSolution
		HideSolutionNode = FALSE
	EndGlobalSection
	GlobalSection(NestedProjects) = preSolution
		{0315EC8F-F298-403B-AA72-6E9F22989BE4} = {14C1875F-E537-4B52-8E15-BBCD4E2265F5}
		{8151C2C8-D826-4925-ABC3-3D73CC0B2602} = {14C1875F-E537-4B52-8E15-BBCD4E2265F5}
		{1D311986-458A-475C-A576-216F7066B011} = {14C1875F-E537-4B52-8E15-BBCD4E2265F5}
		{76A9C8CE-60A5-4565-8231-4D90A912C3C0} = {1646F80A-CE91-4EF0-9086-0706B68B3B5B}
		{36345539-ECC9-4F01-AAA3-B77C8DE191D2} = {1646F80A-CE91-4EF0-9086-0706B68B3B5B}
		{4E4462DF-4D73-4F38-9C07-92F23E28C476} = {1646F80A-CE91-4EF0-9086-0706B68B3B5B}
		{99897728-A178-4587-AD8F-E5D787EA0125} = {A74AED85-A72C-4816-B271-5A35147334BB}
		{1493F14B-CCEA-4982-9B79-68B5C03B9C69} = {A74AED85-A72C-4816-B271-5A35147334BB}
		{7DC254DF-B142-4704-8A50-1B843F6F492D} = {A74AED85-A72C-4816-B271-5A35147334BB}
		{DB415503-6ADC-4F5D-9DA6-F3FF5E46E0D0} = {F5B2F38C-3E75-4677-AC88-73490C7D94F5}
		{478A741E-AC96-4F2B-BFC2-80EF5FB12953} = {F5B2F38C-3E75-4677-AC88-73490C7D94F5}
		{AD4FD1FA-B307-4379-8F75-F7D56B07706F} = {F5B2F38C-3E75-4677-AC88-73490C7D94F5}
	EndGlobalSection
	GlobalSection(ExtensibilityGlobals) = postSolution
		SolutionGuid = {29965FAB-34E7-48DD-85B8-90E41DF465C4}
	EndGlobalSection
EndGlobal
